// !$*UTF8*$!
{
	archiveVersion = 1;
	classes = {
	};
	objectVersion = 50;
	objects = {

/* Begin PBXBuildFile section */
		921B556924EB37480051C97B /* CommentsTableViewCell.swift in Sources */ = {isa = PBXBuildFile; fileRef = 921B556824EB37480051C97B /* CommentsTableViewCell.swift */; };
		9223BDC124CDE1F00075C0D4 /* TabBarIsHiddenExtension.swift in Sources */ = {isa = PBXBuildFile; fileRef = 9223BDC024CDE1F00075C0D4 /* TabBarIsHiddenExtension.swift */; };
		9238E35C24DCA87F00B9C8D9 /* FlykContainer.xcdatamodeld in Sources */ = {isa = PBXBuildFile; fileRef = 9238E35A24DCA87E00B9C8D9 /* FlykContainer.xcdatamodeld */; };
		9238E35E24DCB48000B9C8D9 /* DraftsCollectionView.swift in Sources */ = {isa = PBXBuildFile; fileRef = 9238E35D24DCB48000B9C8D9 /* DraftsCollectionView.swift */; };
		92413B7524D3AF2A0025D137 /* SignInNav&Root.swift in Sources */ = {isa = PBXBuildFile; fileRef = 92413B7424D3AF2A0025D137 /* SignInNav&Root.swift */; };
		924A142624C29CE100B8929F /* UploadFiles.swift in Sources */ = {isa = PBXBuildFile; fileRef = 924A142524C29CE100B8929F /* UploadFiles.swift */; };
		925493DE24EE434200BAF1A9 /* MultiLineTextWrapTest.swift in Sources */ = {isa = PBXBuildFile; fileRef = 925493DD24EE434200BAF1A9 /* MultiLineTextWrapTest.swift */; };
		927BB61324AD590D002445B9 /* AppDelegate.swift in Sources */ = {isa = PBXBuildFile; fileRef = 927BB61224AD590D002445B9 /* AppDelegate.swift */; };
		927BB61524AD590D002445B9 /* FirstViewController.swift in Sources */ = {isa = PBXBuildFile; fileRef = 927BB61424AD590D002445B9 /* FirstViewController.swift */; };
		927BB61724AD590D002445B9 /* DiscoverViewController.swift in Sources */ = {isa = PBXBuildFile; fileRef = 927BB61624AD590D002445B9 /* DiscoverViewController.swift */; };
		927BB61A24AD590D002445B9 /* Main.storyboard in Resources */ = {isa = PBXBuildFile; fileRef = 927BB61824AD590D002445B9 /* Main.storyboard */; };
		927BB61F24AD590F002445B9 /* LaunchScreen.storyboard in Resources */ = {isa = PBXBuildFile; fileRef = 927BB61D24AD590F002445B9 /* LaunchScreen.storyboard */; };
		927BB62A24AD590F002445B9 /* FlykTests.swift in Sources */ = {isa = PBXBuildFile; fileRef = 927BB62924AD590F002445B9 /* FlykTests.swift */; };
		927BB63524AD590F002445B9 /* FlykUITests.swift in Sources */ = {isa = PBXBuildFile; fileRef = 927BB63424AD590F002445B9 /* FlykUITests.swift */; };
		927BB64524AD5DFD002445B9 /* NotificationViewController.swift in Sources */ = {isa = PBXBuildFile; fileRef = 927BB64424AD5DFD002445B9 /* NotificationViewController.swift */; };
		927BB64724AD5E23002445B9 /* MyProfileVC.swift in Sources */ = {isa = PBXBuildFile; fileRef = 927BB64624AD5E23002445B9 /* MyProfileVC.swift */; };
		928242CA24BAAEAE0000C44A /* TextEditorView.swift in Sources */ = {isa = PBXBuildFile; fileRef = 928242C924BAAEAE0000C44A /* TextEditorView.swift */; };
		928242CC24BADE200000C44A /* VideoOverlayView.swift in Sources */ = {isa = PBXBuildFile; fileRef = 928242CB24BADE200000C44A /* VideoOverlayView.swift */; };
		928242CF24BB6F7C0000C44A /* BasketView.swift in Sources */ = {isa = PBXBuildFile; fileRef = 928242CE24BB6F7C0000C44A /* BasketView.swift */; };
		928242D124BBB3EB0000C44A /* MenuTargetView.swift in Sources */ = {isa = PBXBuildFile; fileRef = 928242D024BBB3EB0000C44A /* MenuTargetView.swift */; };
		928242D324BBB4670000C44A /* PresentationHitTest.swift in Sources */ = {isa = PBXBuildFile; fileRef = 928242D224BBB4670000C44A /* PresentationHitTest.swift */; };
		928242D524BBD6BE0000C44A /* SetDurationView.swift in Sources */ = {isa = PBXBuildFile; fileRef = 928242D424BBD6BE0000C44A /* SetDurationView.swift */; };
		928242D724BC29B30000C44A /* ExportComposition.swift in Sources */ = {isa = PBXBuildFile; fileRef = 928242D624BC29B30000C44A /* ExportComposition.swift */; };
		9290A4A924BE407C002B6F96 /* FinishedVideoViewController.swift in Sources */ = {isa = PBXBuildFile; fileRef = 9290A4A824BE407C002B6F96 /* FinishedVideoViewController.swift */; };
		9298485024C18D8F005AA6F0 /* SwipeBackNavigationController.swift in Sources */ = {isa = PBXBuildFile; fileRef = 9298484F24C18D8F005AA6F0 /* SwipeBackNavigationController.swift */; };
		929AE76724B00CFD002FC64D /* Home.swift in Sources */ = {isa = PBXBuildFile; fileRef = 929AE76624B00CFD002FC64D /* Home.swift */; };
		92A3258A24DF56F8005E65A5 /* LikesCollectionView.swift in Sources */ = {isa = PBXBuildFile; fileRef = 92A3258924DF56F8005E65A5 /* LikesCollectionView.swift */; };
		92A9F98D24E9D0D00021F9F0 /* MultipartUpload2.swift in Sources */ = {isa = PBXBuildFile; fileRef = 92A9F98C24E9D0D00021F9F0 /* MultipartUpload2.swift */; };
		92B2D9FF24CE4C54004F1CCC /* PostsCell.swift in Sources */ = {isa = PBXBuildFile; fileRef = 92B2D9FE24CE4C54004F1CCC /* PostsCell.swift */; };
		92B2DA0124CE4C63004F1CCC /* DraftsCell.swift in Sources */ = {isa = PBXBuildFile; fileRef = 92B2DA0024CE4C63004F1CCC /* DraftsCell.swift */; };
		92B2DA0324CE4E79004F1CCC /* VideoBlockCollectionView.swift in Sources */ = {isa = PBXBuildFile; fileRef = 92B2DA0224CE4E79004F1CCC /* VideoBlockCollectionView.swift */; };
		92B2DA0524CE68A3004F1CCC /* TabCollectionView.swift in Sources */ = {isa = PBXBuildFile; fileRef = 92B2DA0424CE68A3004F1CCC /* TabCollectionView.swift */; };
		92B4392124D4B505006FE1AC /* EmailSignIn.swift in Sources */ = {isa = PBXBuildFile; fileRef = 92B4392024D4B505006FE1AC /* EmailSignIn.swift */; };
		92B5B79524CB3DA600DADE85 /* TextColorPicker.swift in Sources */ = {isa = PBXBuildFile; fileRef = 92B5B79424CB3DA600DADE85 /* TextColorPicker.swift */; };
		92B74A1424CFB9750051FEA9 /* CommentsPresentationController.swift in Sources */ = {isa = PBXBuildFile; fileRef = 92B74A1324CFB9750051FEA9 /* CommentsPresentationController.swift */; };
		92B74A1624D0B8E00051FEA9 /* GifTest.swift in Sources */ = {isa = PBXBuildFile; fileRef = 92B74A1524D0B8E00051FEA9 /* GifTest.swift */; };
		92B74A1824D117260051FEA9 /* Assets.xcassets in Resources */ = {isa = PBXBuildFile; fileRef = 92B74A1724D117250051FEA9 /* Assets.xcassets */; };
		92DAA28824B6710600A71950 /* TakeVideoViewController.swift in Sources */ = {isa = PBXBuildFile; fileRef = 92DAA28724B6710500A71950 /* TakeVideoViewController.swift */; };
		92DAA28A24B6714800A71950 /* EditVideoViewController.swift in Sources */ = {isa = PBXBuildFile; fileRef = 92DAA28924B6714700A71950 /* EditVideoViewController.swift */; };
		92DD6F5F24C6555C008CBCEA /* DiscoverSearchBar.swift in Sources */ = {isa = PBXBuildFile; fileRef = 92DD6F5E24C6555C008CBCEA /* DiscoverSearchBar.swift */; };
		92DD729A24CA32BA002BC233 /* ProfileHeaderView.swift in Sources */ = {isa = PBXBuildFile; fileRef = 92DD729924CA32BA002BC233 /* ProfileHeaderView.swift */; };
		92DD729C24CA4C7C002BC233 /* NotificationCell.swift in Sources */ = {isa = PBXBuildFile; fileRef = 92DD729B24CA4C7C002BC233 /* NotificationCell.swift */; };
		92DFF57624D5C82B00ED5CEA /* PostsCollectionView.swift in Sources */ = {isa = PBXBuildFile; fileRef = 92DFF57524D5C82B00ED5CEA /* PostsCollectionView.swift */; };
		92DFF57824D6291F00ED5CEA /* SettingsViewController.swift in Sources */ = {isa = PBXBuildFile; fileRef = 92DFF57724D6291F00ED5CEA /* SettingsViewController.swift */; };
		92DFF57A24D7600400ED5CEA /* FlykConfig.swift in Sources */ = {isa = PBXBuildFile; fileRef = 92DFF57924D7600400ED5CEA /* FlykConfig.swift */; };
		92E0281124F72B11004574AA /* SearchTableViewCell.swift in Sources */ = {isa = PBXBuildFile; fileRef = 92E0281024F72B11004574AA /* SearchTableViewCell.swift */; };
		92E196F324F3559400A0999D /* EditProfileVC.swift in Sources */ = {isa = PBXBuildFile; fileRef = 92E196F224F3559400A0999D /* EditProfileVC.swift */; };
		92E2977124EB47E500CF18C9 /* CarouselCollectionView.swift in Sources */ = {isa = PBXBuildFile; fileRef = 92E2977024EB47E500CF18C9 /* CarouselCollectionView.swift */; };
		92EAE77024C11DE000E5FB72 /* ColorPalette.swift in Sources */ = {isa = PBXBuildFile; fileRef = 92EAE76F24C11DE000E5FB72 /* ColorPalette.swift */; };
		92F87D0724BFB1B1002F75FD /* VideoCell.swift in Sources */ = {isa = PBXBuildFile; fileRef = 92F87D0624BFB1B1002F75FD /* VideoCell.swift */; };
/* End PBXBuildFile section */

/* Begin PBXContainerItemProxy section */
		927BB62624AD590F002445B9 /* PBXContainerItemProxy */ = {
			isa = PBXContainerItemProxy;
			containerPortal = 927BB60724AD590D002445B9 /* Project object */;
			proxyType = 1;
			remoteGlobalIDString = 927BB60E24AD590D002445B9;
			remoteInfo = DripDrop;
		};
		927BB63124AD590F002445B9 /* PBXContainerItemProxy */ = {
			isa = PBXContainerItemProxy;
			containerPortal = 927BB60724AD590D002445B9 /* Project object */;
			proxyType = 1;
			remoteGlobalIDString = 927BB60E24AD590D002445B9;
			remoteInfo = DripDrop;
		};
/* End PBXContainerItemProxy section */

/* Begin PBXFileReference section */
		921B556824EB37480051C97B /* CommentsTableViewCell.swift */ = {isa = PBXFileReference; lastKnownFileType = sourcecode.swift; path = CommentsTableViewCell.swift; sourceTree = "<group>"; };
		9223BDC024CDE1F00075C0D4 /* TabBarIsHiddenExtension.swift */ = {isa = PBXFileReference; lastKnownFileType = sourcecode.swift; path = TabBarIsHiddenExtension.swift; sourceTree = "<group>"; };
		9238E35B24DCA87E00B9C8D9 /* Model.xcdatamodel */ = {isa = PBXFileReference; lastKnownFileType = wrapper.xcdatamodel; path = Model.xcdatamodel; sourceTree = "<group>"; };
		9238E35D24DCB48000B9C8D9 /* DraftsCollectionView.swift */ = {isa = PBXFileReference; lastKnownFileType = sourcecode.swift; path = DraftsCollectionView.swift; sourceTree = "<group>"; };
		92413B7424D3AF2A0025D137 /* SignInNav&Root.swift */ = {isa = PBXFileReference; lastKnownFileType = sourcecode.swift; path = "SignInNav&Root.swift"; sourceTree = "<group>"; };
		924A142524C29CE100B8929F /* UploadFiles.swift */ = {isa = PBXFileReference; lastKnownFileType = sourcecode.swift; path = UploadFiles.swift; sourceTree = "<group>"; };
		925493DD24EE434200BAF1A9 /* MultiLineTextWrapTest.swift */ = {isa = PBXFileReference; lastKnownFileType = sourcecode.swift; path = MultiLineTextWrapTest.swift; sourceTree = "<group>"; };
		927BB60F24AD590D002445B9 /* Flyk.app */ = {isa = PBXFileReference; explicitFileType = wrapper.application; includeInIndex = 0; path = Flyk.app; sourceTree = BUILT_PRODUCTS_DIR; };
		927BB61224AD590D002445B9 /* AppDelegate.swift */ = {isa = PBXFileReference; lastKnownFileType = sourcecode.swift; path = AppDelegate.swift; sourceTree = "<group>"; };
		927BB61424AD590D002445B9 /* FirstViewController.swift */ = {isa = PBXFileReference; lastKnownFileType = sourcecode.swift; path = FirstViewController.swift; sourceTree = "<group>"; };
		927BB61624AD590D002445B9 /* DiscoverViewController.swift */ = {isa = PBXFileReference; lastKnownFileType = sourcecode.swift; path = DiscoverViewController.swift; sourceTree = "<group>"; };
		927BB61924AD590D002445B9 /* Base */ = {isa = PBXFileReference; lastKnownFileType = file.storyboard; name = Base; path = Base.lproj/Main.storyboard; sourceTree = "<group>"; };
		927BB61E24AD590F002445B9 /* Base */ = {isa = PBXFileReference; lastKnownFileType = file.storyboard; name = Base; path = Base.lproj/LaunchScreen.storyboard; sourceTree = "<group>"; };
		927BB62024AD590F002445B9 /* Info.plist */ = {isa = PBXFileReference; lastKnownFileType = text.plist.xml; path = Info.plist; sourceTree = "<group>"; };
		927BB62524AD590F002445B9 /* FlykTests.xctest */ = {isa = PBXFileReference; explicitFileType = wrapper.cfbundle; includeInIndex = 0; path = FlykTests.xctest; sourceTree = BUILT_PRODUCTS_DIR; };
		927BB62924AD590F002445B9 /* FlykTests.swift */ = {isa = PBXFileReference; lastKnownFileType = sourcecode.swift; path = FlykTests.swift; sourceTree = "<group>"; };
		927BB62B24AD590F002445B9 /* Info.plist */ = {isa = PBXFileReference; lastKnownFileType = text.plist.xml; path = Info.plist; sourceTree = "<group>"; };
		927BB63024AD590F002445B9 /* FlykUITests.xctest */ = {isa = PBXFileReference; explicitFileType = wrapper.cfbundle; includeInIndex = 0; path = FlykUITests.xctest; sourceTree = BUILT_PRODUCTS_DIR; };
		927BB63424AD590F002445B9 /* FlykUITests.swift */ = {isa = PBXFileReference; lastKnownFileType = sourcecode.swift; path = FlykUITests.swift; sourceTree = "<group>"; };
		927BB63624AD590F002445B9 /* Info.plist */ = {isa = PBXFileReference; lastKnownFileType = text.plist.xml; path = Info.plist; sourceTree = "<group>"; };
		927BB64424AD5DFD002445B9 /* NotificationViewController.swift */ = {isa = PBXFileReference; lastKnownFileType = sourcecode.swift; path = NotificationViewController.swift; sourceTree = "<group>"; };
		927BB64624AD5E23002445B9 /* MyProfileVC.swift */ = {isa = PBXFileReference; lastKnownFileType = sourcecode.swift; path = MyProfileVC.swift; sourceTree = "<group>"; };
		928242C924BAAEAE0000C44A /* TextEditorView.swift */ = {isa = PBXFileReference; lastKnownFileType = sourcecode.swift; path = TextEditorView.swift; sourceTree = "<group>"; };
		928242CB24BADE200000C44A /* VideoOverlayView.swift */ = {isa = PBXFileReference; lastKnownFileType = sourcecode.swift; path = VideoOverlayView.swift; sourceTree = "<group>"; };
		928242CE24BB6F7C0000C44A /* BasketView.swift */ = {isa = PBXFileReference; lastKnownFileType = sourcecode.swift; path = BasketView.swift; sourceTree = "<group>"; };
		928242D024BBB3EB0000C44A /* MenuTargetView.swift */ = {isa = PBXFileReference; lastKnownFileType = sourcecode.swift; path = MenuTargetView.swift; sourceTree = "<group>"; };
		928242D224BBB4670000C44A /* PresentationHitTest.swift */ = {isa = PBXFileReference; lastKnownFileType = sourcecode.swift; path = PresentationHitTest.swift; sourceTree = "<group>"; };
		928242D424BBD6BE0000C44A /* SetDurationView.swift */ = {isa = PBXFileReference; lastKnownFileType = sourcecode.swift; path = SetDurationView.swift; sourceTree = "<group>"; };
		928242D624BC29B30000C44A /* ExportComposition.swift */ = {isa = PBXFileReference; lastKnownFileType = sourcecode.swift; path = ExportComposition.swift; sourceTree = "<group>"; };
		9290A4A824BE407C002B6F96 /* FinishedVideoViewController.swift */ = {isa = PBXFileReference; lastKnownFileType = sourcecode.swift; path = FinishedVideoViewController.swift; sourceTree = "<group>"; };
		9298484F24C18D8F005AA6F0 /* SwipeBackNavigationController.swift */ = {isa = PBXFileReference; lastKnownFileType = sourcecode.swift; path = SwipeBackNavigationController.swift; sourceTree = "<group>"; };
		929AE76624B00CFD002FC64D /* Home.swift */ = {isa = PBXFileReference; fileEncoding = 4; lastKnownFileType = sourcecode.swift; path = Home.swift; sourceTree = "<group>"; };
		92A3258924DF56F8005E65A5 /* LikesCollectionView.swift */ = {isa = PBXFileReference; lastKnownFileType = sourcecode.swift; path = LikesCollectionView.swift; sourceTree = "<group>"; };
		92A9F98C24E9D0D00021F9F0 /* MultipartUpload2.swift */ = {isa = PBXFileReference; lastKnownFileType = sourcecode.swift; path = MultipartUpload2.swift; sourceTree = "<group>"; };
		92B2D9FE24CE4C54004F1CCC /* PostsCell.swift */ = {isa = PBXFileReference; lastKnownFileType = sourcecode.swift; path = PostsCell.swift; sourceTree = "<group>"; };
		92B2DA0024CE4C63004F1CCC /* DraftsCell.swift */ = {isa = PBXFileReference; lastKnownFileType = sourcecode.swift; path = DraftsCell.swift; sourceTree = "<group>"; };
		92B2DA0224CE4E79004F1CCC /* VideoBlockCollectionView.swift */ = {isa = PBXFileReference; lastKnownFileType = sourcecode.swift; path = VideoBlockCollectionView.swift; sourceTree = "<group>"; };
		92B2DA0424CE68A3004F1CCC /* TabCollectionView.swift */ = {isa = PBXFileReference; lastKnownFileType = sourcecode.swift; path = TabCollectionView.swift; sourceTree = "<group>"; };
		92B4392024D4B505006FE1AC /* EmailSignIn.swift */ = {isa = PBXFileReference; lastKnownFileType = sourcecode.swift; path = EmailSignIn.swift; sourceTree = "<group>"; };
		92B5B79424CB3DA600DADE85 /* TextColorPicker.swift */ = {isa = PBXFileReference; lastKnownFileType = sourcecode.swift; path = TextColorPicker.swift; sourceTree = "<group>"; };
		92B74A1324CFB9750051FEA9 /* CommentsPresentationController.swift */ = {isa = PBXFileReference; lastKnownFileType = sourcecode.swift; path = CommentsPresentationController.swift; sourceTree = "<group>"; };
		92B74A1524D0B8E00051FEA9 /* GifTest.swift */ = {isa = PBXFileReference; lastKnownFileType = sourcecode.swift; path = GifTest.swift; sourceTree = "<group>"; };
		92B74A1724D117250051FEA9 /* Assets.xcassets */ = {isa = PBXFileReference; lastKnownFileType = folder.assetcatalog; path = Assets.xcassets; sourceTree = "<group>"; };
		92DAA28724B6710500A71950 /* TakeVideoViewController.swift */ = {isa = PBXFileReference; fileEncoding = 4; lastKnownFileType = sourcecode.swift; path = TakeVideoViewController.swift; sourceTree = "<group>"; };
		92DAA28924B6714700A71950 /* EditVideoViewController.swift */ = {isa = PBXFileReference; fileEncoding = 4; lastKnownFileType = sourcecode.swift; path = EditVideoViewController.swift; sourceTree = "<group>"; };
		92DD6F5E24C6555C008CBCEA /* DiscoverSearchBar.swift */ = {isa = PBXFileReference; lastKnownFileType = sourcecode.swift; path = DiscoverSearchBar.swift; sourceTree = "<group>"; };
		92DD729924CA32BA002BC233 /* ProfileHeaderView.swift */ = {isa = PBXFileReference; lastKnownFileType = sourcecode.swift; path = ProfileHeaderView.swift; sourceTree = "<group>"; };
		92DD729B24CA4C7C002BC233 /* NotificationCell.swift */ = {isa = PBXFileReference; lastKnownFileType = sourcecode.swift; path = NotificationCell.swift; sourceTree = "<group>"; };
		92DFF57524D5C82B00ED5CEA /* PostsCollectionView.swift */ = {isa = PBXFileReference; lastKnownFileType = sourcecode.swift; path = PostsCollectionView.swift; sourceTree = "<group>"; };
		92DFF57724D6291F00ED5CEA /* SettingsViewController.swift */ = {isa = PBXFileReference; lastKnownFileType = sourcecode.swift; path = SettingsViewController.swift; sourceTree = "<group>"; };
		92DFF57924D7600400ED5CEA /* FlykConfig.swift */ = {isa = PBXFileReference; lastKnownFileType = sourcecode.swift; path = FlykConfig.swift; sourceTree = "<group>"; };
		92E0281024F72B11004574AA /* SearchTableViewCell.swift */ = {isa = PBXFileReference; lastKnownFileType = sourcecode.swift; path = SearchTableViewCell.swift; sourceTree = "<group>"; };
		92E196F224F3559400A0999D /* EditProfileVC.swift */ = {isa = PBXFileReference; lastKnownFileType = sourcecode.swift; path = EditProfileVC.swift; sourceTree = "<group>"; };
		92E2977024EB47E500CF18C9 /* CarouselCollectionView.swift */ = {isa = PBXFileReference; lastKnownFileType = sourcecode.swift; path = CarouselCollectionView.swift; sourceTree = "<group>"; };
		92EAE76F24C11DE000E5FB72 /* ColorPalette.swift */ = {isa = PBXFileReference; lastKnownFileType = sourcecode.swift; path = ColorPalette.swift; sourceTree = "<group>"; };
		92F87D0624BFB1B1002F75FD /* VideoCell.swift */ = {isa = PBXFileReference; lastKnownFileType = sourcecode.swift; path = VideoCell.swift; sourceTree = "<group>"; };
/* End PBXFileReference section */

/* Begin PBXFrameworksBuildPhase section */
		927BB60C24AD590D002445B9 /* Frameworks */ = {
			isa = PBXFrameworksBuildPhase;
			buildActionMask = 2147483647;
			files = (
			);
			runOnlyForDeploymentPostprocessing = 0;
		};
		927BB62224AD590F002445B9 /* Frameworks */ = {
			isa = PBXFrameworksBuildPhase;
			buildActionMask = 2147483647;
			files = (
			);
			runOnlyForDeploymentPostprocessing = 0;
		};
		927BB62D24AD590F002445B9 /* Frameworks */ = {
			isa = PBXFrameworksBuildPhase;
			buildActionMask = 2147483647;
			files = (
			);
			runOnlyForDeploymentPostprocessing = 0;
		};
/* End PBXFrameworksBuildPhase section */

/* Begin PBXGroup section */
		921B556624EB37110051C97B /* Comments */ = {
			isa = PBXGroup;
			children = (
				92B74A1324CFB9750051FEA9 /* CommentsPresentationController.swift */,
				921B556824EB37480051C97B /* CommentsTableViewCell.swift */,
			);
			path = Comments;
			sourceTree = "<group>";
		};
		922EAC8B24DB2CD800C53B6D /* Settings */ = {
			isa = PBXGroup;
			children = (
				92DFF57724D6291F00ED5CEA /* SettingsViewController.swift */,
			);
			path = Settings;
			sourceTree = "<group>";
		};
		92413B7624D4B49C0025D137 /* SignIn */ = {
			isa = PBXGroup;
			children = (
				92413B7424D3AF2A0025D137 /* SignInNav&Root.swift */,
				92B4392024D4B505006FE1AC /* EmailSignIn.swift */,
			);
			path = SignIn;
			sourceTree = "<group>";
		};
		927BB60624AD590D002445B9 = {
			isa = PBXGroup;
			children = (
				927BB61124AD590D002445B9 /* Flyk */,
				92B74A1724D117250051FEA9 /* Assets.xcassets */,
				927BB62824AD590F002445B9 /* FlykTests */,
				927BB63324AD590F002445B9 /* FlykUITests */,
				927BB61024AD590D002445B9 /* Products */,
			);
			sourceTree = "<group>";
		};
		927BB61024AD590D002445B9 /* Products */ = {
			isa = PBXGroup;
			children = (
				927BB60F24AD590D002445B9 /* Flyk.app */,
				927BB62524AD590F002445B9 /* FlykTests.xctest */,
				927BB63024AD590F002445B9 /* FlykUITests.xctest */,
			);
			name = Products;
			sourceTree = "<group>";
		};
		927BB61124AD590D002445B9 /* Flyk */ = {
			isa = PBXGroup;
			children = (
				927BB61224AD590D002445B9 /* AppDelegate.swift */,
				9238E35A24DCA87E00B9C8D9 /* FlykContainer.xcdatamodeld */,
				9298484F24C18D8F005AA6F0 /* SwipeBackNavigationController.swift */,
				927BB61824AD590D002445B9 /* Main.storyboard */,
				92EAE76F24C11DE000E5FB72 /* ColorPalette.swift */,
				92DFF57924D7600400ED5CEA /* FlykConfig.swift */,
				925493DD24EE434200BAF1A9 /* MultiLineTextWrapTest.swift */,
				92413B7624D4B49C0025D137 /* SignIn */,
				928242C224BAAD550000C44A /* Home */,
				928242C724BAAD8F0000C44A /* Discover */,
				928242C624BAAD8D0000C44A /* Create */,
				928242C324BAAD800000C44A /* Notifications */,
				928242C824BAADAA0000C44A /* My Profile */,
				922EAC8B24DB2CD800C53B6D /* Settings */,
				929AE76424B00A36002FC64D /* components */,
				927BB61D24AD590F002445B9 /* LaunchScreen.storyboard */,
				927BB62024AD590F002445B9 /* Info.plist */,
			);
			path = Flyk;
			sourceTree = "<group>";
		};
		927BB62824AD590F002445B9 /* FlykTests */ = {
			isa = PBXGroup;
			children = (
				927BB62924AD590F002445B9 /* FlykTests.swift */,
				927BB62B24AD590F002445B9 /* Info.plist */,
			);
			path = FlykTests;
			sourceTree = "<group>";
		};
		927BB63324AD590F002445B9 /* FlykUITests */ = {
			isa = PBXGroup;
			children = (
				927BB63424AD590F002445B9 /* FlykUITests.swift */,
				927BB63624AD590F002445B9 /* Info.plist */,
			);
			path = FlykUITests;
			sourceTree = "<group>";
		};
		928242C224BAAD550000C44A /* Home */ = {
			isa = PBXGroup;
			children = (
				929AE76624B00CFD002FC64D /* Home.swift */,
				92E2977024EB47E500CF18C9 /* CarouselCollectionView.swift */,
				92B74A1524D0B8E00051FEA9 /* GifTest.swift */,
				92F87D0624BFB1B1002F75FD /* VideoCell.swift */,
				921B556624EB37110051C97B /* Comments */,
				927BB61424AD590D002445B9 /* FirstViewController.swift */,
			);
			path = Home;
			sourceTree = "<group>";
		};
		928242C324BAAD800000C44A /* Notifications */ = {
			isa = PBXGroup;
			children = (
				927BB64424AD5DFD002445B9 /* NotificationViewController.swift */,
				92DD729B24CA4C7C002BC233 /* NotificationCell.swift */,
			);
			path = Notifications;
			sourceTree = "<group>";
		};
		928242C624BAAD8D0000C44A /* Create */ = {
			isa = PBXGroup;
			children = (
				92DAA28724B6710500A71950 /* TakeVideoViewController.swift */,
				928242CD24BB6F2B0000C44A /* VideoEditor */,
				9290A4A824BE407C002B6F96 /* FinishedVideoViewController.swift */,
				924A142524C29CE100B8929F /* UploadFiles.swift */,
			);
			path = Create;
			sourceTree = "<group>";
		};
		928242C724BAAD8F0000C44A /* Discover */ = {
			isa = PBXGroup;
			children = (
				927BB61624AD590D002445B9 /* DiscoverViewController.swift */,
				92DD6F5E24C6555C008CBCEA /* DiscoverSearchBar.swift */,
				92E0281024F72B11004574AA /* SearchTableViewCell.swift */,
			);
			path = Discover;
			sourceTree = "<group>";
		};
		928242C824BAADAA0000C44A /* My Profile */ = {
			isa = PBXGroup;
			children = (
				927BB64624AD5E23002445B9 /* MyProfileVC.swift */,
				92E196F224F3559400A0999D /* EditProfileVC.swift */,
				92DD729924CA32BA002BC233 /* ProfileHeaderView.swift */,
				92A9F98C24E9D0D00021F9F0 /* MultipartUpload2.swift */,
				92A3258B24DF6CCF005E65A5 /* TabCollectionView */,
				92B2DA0224CE4E79004F1CCC /* VideoBlockCollectionView.swift */,
			);
			path = "My Profile";
			sourceTree = "<group>";
		};
		928242CD24BB6F2B0000C44A /* VideoEditor */ = {
			isa = PBXGroup;
			children = (
				92DAA28924B6714700A71950 /* EditVideoViewController.swift */,
				928242CB24BADE200000C44A /* VideoOverlayView.swift */,
				928242CE24BB6F7C0000C44A /* BasketView.swift */,
				92DD729D24CB3D33002BC233 /* TextEditing */,
				928242D624BC29B30000C44A /* ExportComposition.swift */,
				928242D424BBD6BE0000C44A /* SetDurationView.swift */,
				928242D024BBB3EB0000C44A /* MenuTargetView.swift */,
				928242D224BBB4670000C44A /* PresentationHitTest.swift */,
			);
			path = VideoEditor;
			sourceTree = "<group>";
		};
		929AE76424B00A36002FC64D /* components */ = {
			isa = PBXGroup;
			children = (
				9223BDC024CDE1F00075C0D4 /* TabBarIsHiddenExtension.swift */,
			);
			path = components;
			sourceTree = "<group>";
		};
		92A3258B24DF6CCF005E65A5 /* TabCollectionView */ = {
			isa = PBXGroup;
			children = (
				92B2DA0424CE68A3004F1CCC /* TabCollectionView.swift */,
				92E5CFA224DF6D2C008AF705 /* subCollectionViews */,
				92E5CFA324DF6D81008AF705 /* subCollectionViewCells */,
			);
			path = TabCollectionView;
			sourceTree = "<group>";
		};
		92DD729D24CB3D33002BC233 /* TextEditing */ = {
			isa = PBXGroup;
			children = (
				928242C924BAAEAE0000C44A /* TextEditorView.swift */,
				92B5B79424CB3DA600DADE85 /* TextColorPicker.swift */,
			);
			path = TextEditing;
			sourceTree = "<group>";
		};
		92E5CFA224DF6D2C008AF705 /* subCollectionViews */ = {
			isa = PBXGroup;
			children = (
				92DFF57524D5C82B00ED5CEA /* PostsCollectionView.swift */,
				9238E35D24DCB48000B9C8D9 /* DraftsCollectionView.swift */,
				92A3258924DF56F8005E65A5 /* LikesCollectionView.swift */,
			);
			path = subCollectionViews;
			sourceTree = "<group>";
		};
		92E5CFA324DF6D81008AF705 /* subCollectionViewCells */ = {
			isa = PBXGroup;
			children = (
				92B2D9FE24CE4C54004F1CCC /* PostsCell.swift */,
				92B2DA0024CE4C63004F1CCC /* DraftsCell.swift */,
			);
			path = subCollectionViewCells;
			sourceTree = "<group>";
		};
/* End PBXGroup section */

/* Begin PBXNativeTarget section */
		927BB60E24AD590D002445B9 /* Flyk */ = {
			isa = PBXNativeTarget;
			buildConfigurationList = 927BB63924AD590F002445B9 /* Build configuration list for PBXNativeTarget "Flyk" */;
			buildPhases = (
				927BB60B24AD590D002445B9 /* Sources */,
				927BB60C24AD590D002445B9 /* Frameworks */,
				927BB60D24AD590D002445B9 /* Resources */,
			);
			buildRules = (
			);
			dependencies = (
			);
			name = Flyk;
			productName = DripDrop;
			productReference = 927BB60F24AD590D002445B9 /* Flyk.app */;
			productType = "com.apple.product-type.application";
		};
		927BB62424AD590F002445B9 /* FlykTests */ = {
			isa = PBXNativeTarget;
			buildConfigurationList = 927BB63C24AD590F002445B9 /* Build configuration list for PBXNativeTarget "FlykTests" */;
			buildPhases = (
				927BB62124AD590F002445B9 /* Sources */,
				927BB62224AD590F002445B9 /* Frameworks */,
				927BB62324AD590F002445B9 /* Resources */,
			);
			buildRules = (
			);
			dependencies = (
				927BB62724AD590F002445B9 /* PBXTargetDependency */,
			);
			name = FlykTests;
			productName = DripDropTests;
			productReference = 927BB62524AD590F002445B9 /* FlykTests.xctest */;
			productType = "com.apple.product-type.bundle.unit-test";
		};
		927BB62F24AD590F002445B9 /* FlykUITests */ = {
			isa = PBXNativeTarget;
			buildConfigurationList = 927BB63F24AD590F002445B9 /* Build configuration list for PBXNativeTarget "FlykUITests" */;
			buildPhases = (
				927BB62C24AD590F002445B9 /* Sources */,
				927BB62D24AD590F002445B9 /* Frameworks */,
				927BB62E24AD590F002445B9 /* Resources */,
			);
			buildRules = (
			);
			dependencies = (
				927BB63224AD590F002445B9 /* PBXTargetDependency */,
			);
			name = FlykUITests;
			productName = DripDropUITests;
			productReference = 927BB63024AD590F002445B9 /* FlykUITests.xctest */;
			productType = "com.apple.product-type.bundle.ui-testing";
		};
/* End PBXNativeTarget section */

/* Begin PBXProject section */
		927BB60724AD590D002445B9 /* Project object */ = {
			isa = PBXProject;
			attributes = {
				LastSwiftUpdateCheck = 1030;
				LastUpgradeCheck = 1030;
				ORGANIZATIONNAME = "Edward Chapman";
				TargetAttributes = {
					927BB60E24AD590D002445B9 = {
						CreatedOnToolsVersion = 10.3;
					};
					927BB62424AD590F002445B9 = {
						CreatedOnToolsVersion = 10.3;
						TestTargetID = 927BB60E24AD590D002445B9;
					};
					927BB62F24AD590F002445B9 = {
						CreatedOnToolsVersion = 10.3;
						TestTargetID = 927BB60E24AD590D002445B9;
					};
				};
			};
			buildConfigurationList = 927BB60A24AD590D002445B9 /* Build configuration list for PBXProject "Flyk" */;
			compatibilityVersion = "Xcode 9.3";
			developmentRegion = en;
			hasScannedForEncodings = 0;
			knownRegions = (
				en,
				Base,
			);
			mainGroup = 927BB60624AD590D002445B9;
			productRefGroup = 927BB61024AD590D002445B9 /* Products */;
			projectDirPath = "";
			projectRoot = "";
			targets = (
				927BB60E24AD590D002445B9 /* Flyk */,
				927BB62424AD590F002445B9 /* FlykTests */,
				927BB62F24AD590F002445B9 /* FlykUITests */,
			);
		};
/* End PBXProject section */

/* Begin PBXResourcesBuildPhase section */
		927BB60D24AD590D002445B9 /* Resources */ = {
			isa = PBXResourcesBuildPhase;
			buildActionMask = 2147483647;
			files = (
				927BB61F24AD590F002445B9 /* LaunchScreen.storyboard in Resources */,
				92B74A1824D117260051FEA9 /* Assets.xcassets in Resources */,
				927BB61A24AD590D002445B9 /* Main.storyboard in Resources */,
			);
			runOnlyForDeploymentPostprocessing = 0;
		};
		927BB62324AD590F002445B9 /* Resources */ = {
			isa = PBXResourcesBuildPhase;
			buildActionMask = 2147483647;
			files = (
			);
			runOnlyForDeploymentPostprocessing = 0;
		};
		927BB62E24AD590F002445B9 /* Resources */ = {
			isa = PBXResourcesBuildPhase;
			buildActionMask = 2147483647;
			files = (
			);
			runOnlyForDeploymentPostprocessing = 0;
		};
/* End PBXResourcesBuildPhase section */

/* Begin PBXSourcesBuildPhase section */
		927BB60B24AD590D002445B9 /* Sources */ = {
			isa = PBXSourcesBuildPhase;
			buildActionMask = 2147483647;
			files = (
				92B5B79524CB3DA600DADE85 /* TextColorPicker.swift in Sources */,
				92B2D9FF24CE4C54004F1CCC /* PostsCell.swift in Sources */,
				92B2DA0324CE4E79004F1CCC /* VideoBlockCollectionView.swift in Sources */,
				92A3258A24DF56F8005E65A5 /* LikesCollectionView.swift in Sources */,
				92E2977124EB47E500CF18C9 /* CarouselCollectionView.swift in Sources */,
				92DAA28A24B6714800A71950 /* EditVideoViewController.swift in Sources */,
				928242CC24BADE200000C44A /* VideoOverlayView.swift in Sources */,
				928242D324BBB4670000C44A /* PresentationHitTest.swift in Sources */,
				928242CF24BB6F7C0000C44A /* BasketView.swift in Sources */,
				9238E35E24DCB48000B9C8D9 /* DraftsCollectionView.swift in Sources */,
				9238E35C24DCA87F00B9C8D9 /* FlykContainer.xcdatamodeld in Sources */,
				927BB64724AD5E23002445B9 /* MyProfileVC.swift in Sources */,
				927BB61724AD590D002445B9 /* DiscoverViewController.swift in Sources */,
				927BB61324AD590D002445B9 /* AppDelegate.swift in Sources */,
				929AE76724B00CFD002FC64D /* Home.swift in Sources */,
				92DFF57624D5C82B00ED5CEA /* PostsCollectionView.swift in Sources */,
				92DD6F5F24C6555C008CBCEA /* DiscoverSearchBar.swift in Sources */,
				92B74A1624D0B8E00051FEA9 /* GifTest.swift in Sources */,
				924A142624C29CE100B8929F /* UploadFiles.swift in Sources */,
				927BB61524AD590D002445B9 /* FirstViewController.swift in Sources */,
				925493DE24EE434200BAF1A9 /* MultiLineTextWrapTest.swift in Sources */,
				92DFF57824D6291F00ED5CEA /* SettingsViewController.swift in Sources */,
				928242CA24BAAEAE0000C44A /* TextEditorView.swift in Sources */,
				9223BDC124CDE1F00075C0D4 /* TabBarIsHiddenExtension.swift in Sources */,
				9290A4A924BE407C002B6F96 /* FinishedVideoViewController.swift in Sources */,
				92DFF57A24D7600400ED5CEA /* FlykConfig.swift in Sources */,
				921B556924EB37480051C97B /* CommentsTableViewCell.swift in Sources */,
				92F87D0724BFB1B1002F75FD /* VideoCell.swift in Sources */,
				927BB64524AD5DFD002445B9 /* NotificationViewController.swift in Sources */,
				92B74A1424CFB9750051FEA9 /* CommentsPresentationController.swift in Sources */,
				92E0281124F72B11004574AA /* SearchTableViewCell.swift in Sources */,
				9298485024C18D8F005AA6F0 /* SwipeBackNavigationController.swift in Sources */,
				92EAE77024C11DE000E5FB72 /* ColorPalette.swift in Sources */,
				928242D524BBD6BE0000C44A /* SetDurationView.swift in Sources */,
				92A9F98D24E9D0D00021F9F0 /* MultipartUpload2.swift in Sources */,
				928242D124BBB3EB0000C44A /* MenuTargetView.swift in Sources */,
				92B4392124D4B505006FE1AC /* EmailSignIn.swift in Sources */,
				92413B7524D3AF2A0025D137 /* SignInNav&Root.swift in Sources */,
				92DD729A24CA32BA002BC233 /* ProfileHeaderView.swift in Sources */,
				92DAA28824B6710600A71950 /* TakeVideoViewController.swift in Sources */,
				92E196F324F3559400A0999D /* EditProfileVC.swift in Sources */,
				92B2DA0524CE68A3004F1CCC /* TabCollectionView.swift in Sources */,
				92DD729C24CA4C7C002BC233 /* NotificationCell.swift in Sources */,
				928242D724BC29B30000C44A /* ExportComposition.swift in Sources */,
				92B2DA0124CE4C63004F1CCC /* DraftsCell.swift in Sources */,
			);
			runOnlyForDeploymentPostprocessing = 0;
		};
		927BB62124AD590F002445B9 /* Sources */ = {
			isa = PBXSourcesBuildPhase;
			buildActionMask = 2147483647;
			files = (
				927BB62A24AD590F002445B9 /* FlykTests.swift in Sources */,
			);
			runOnlyForDeploymentPostprocessing = 0;
		};
		927BB62C24AD590F002445B9 /* Sources */ = {
			isa = PBXSourcesBuildPhase;
			buildActionMask = 2147483647;
			files = (
				927BB63524AD590F002445B9 /* FlykUITests.swift in Sources */,
			);
			runOnlyForDeploymentPostprocessing = 0;
		};
/* End PBXSourcesBuildPhase section */

/* Begin PBXTargetDependency section */
		927BB62724AD590F002445B9 /* PBXTargetDependency */ = {
			isa = PBXTargetDependency;
			target = 927BB60E24AD590D002445B9 /* Flyk */;
			targetProxy = 927BB62624AD590F002445B9 /* PBXContainerItemProxy */;
		};
		927BB63224AD590F002445B9 /* PBXTargetDependency */ = {
			isa = PBXTargetDependency;
			target = 927BB60E24AD590D002445B9 /* Flyk */;
			targetProxy = 927BB63124AD590F002445B9 /* PBXContainerItemProxy */;
		};
/* End PBXTargetDependency section */

/* Begin PBXVariantGroup section */
		927BB61824AD590D002445B9 /* Main.storyboard */ = {
			isa = PBXVariantGroup;
			children = (
				927BB61924AD590D002445B9 /* Base */,
			);
			name = Main.storyboard;
			sourceTree = "<group>";
		};
		927BB61D24AD590F002445B9 /* LaunchScreen.storyboard */ = {
			isa = PBXVariantGroup;
			children = (
				927BB61E24AD590F002445B9 /* Base */,
			);
			name = LaunchScreen.storyboard;
			sourceTree = "<group>";
		};
/* End PBXVariantGroup section */

/* Begin XCBuildConfiguration section */
		927BB63724AD590F002445B9 /* Debug */ = {
			isa = XCBuildConfiguration;
			buildSettings = {
				ALWAYS_SEARCH_USER_PATHS = NO;
				CLANG_ANALYZER_NONNULL = YES;
				CLANG_ANALYZER_NUMBER_OBJECT_CONVERSION = YES_AGGRESSIVE;
				CLANG_CXX_LANGUAGE_STANDARD = "gnu++14";
				CLANG_CXX_LIBRARY = "libc++";
				CLANG_ENABLE_MODULES = YES;
				CLANG_ENABLE_OBJC_ARC = YES;
				CLANG_ENABLE_OBJC_WEAK = YES;
				CLANG_WARN_BLOCK_CAPTURE_AUTORELEASING = YES;
				CLANG_WARN_BOOL_CONVERSION = YES;
				CLANG_WARN_COMMA = YES;
				CLANG_WARN_CONSTANT_CONVERSION = YES;
				CLANG_WARN_DEPRECATED_OBJC_IMPLEMENTATIONS = YES;
				CLANG_WARN_DIRECT_OBJC_ISA_USAGE = YES_ERROR;
				CLANG_WARN_DOCUMENTATION_COMMENTS = YES;
				CLANG_WARN_EMPTY_BODY = YES;
				CLANG_WARN_ENUM_CONVERSION = YES;
				CLANG_WARN_INFINITE_RECURSION = YES;
				CLANG_WARN_INT_CONVERSION = YES;
				CLANG_WARN_NON_LITERAL_NULL_CONVERSION = YES;
				CLANG_WARN_OBJC_IMPLICIT_RETAIN_SELF = YES;
				CLANG_WARN_OBJC_LITERAL_CONVERSION = YES;
				CLANG_WARN_OBJC_ROOT_CLASS = YES_ERROR;
				CLANG_WARN_RANGE_LOOP_ANALYSIS = YES;
				CLANG_WARN_STRICT_PROTOTYPES = YES;
				CLANG_WARN_SUSPICIOUS_MOVE = YES;
				CLANG_WARN_UNGUARDED_AVAILABILITY = YES_AGGRESSIVE;
				CLANG_WARN_UNREACHABLE_CODE = YES;
				CLANG_WARN__DUPLICATE_METHOD_MATCH = YES;
				CODE_SIGN_IDENTITY = "iPhone Developer";
				COPY_PHASE_STRIP = NO;
				DEBUG_INFORMATION_FORMAT = dwarf;
				ENABLE_STRICT_OBJC_MSGSEND = YES;
				ENABLE_TESTABILITY = YES;
				GCC_C_LANGUAGE_STANDARD = gnu11;
				GCC_DYNAMIC_NO_PIC = NO;
				GCC_NO_COMMON_BLOCKS = YES;
				GCC_OPTIMIZATION_LEVEL = 0;
				GCC_PREPROCESSOR_DEFINITIONS = (
					"DEBUG=1",
					"$(inherited)",
				);
				GCC_WARN_64_TO_32_BIT_CONVERSION = YES;
				GCC_WARN_ABOUT_RETURN_TYPE = YES_ERROR;
				GCC_WARN_UNDECLARED_SELECTOR = YES;
				GCC_WARN_UNINITIALIZED_AUTOS = YES_AGGRESSIVE;
				GCC_WARN_UNUSED_FUNCTION = YES;
				GCC_WARN_UNUSED_VARIABLE = YES;
				IPHONEOS_DEPLOYMENT_TARGET = 12.4;
				MTL_ENABLE_DEBUG_INFO = INCLUDE_SOURCE;
				MTL_FAST_MATH = YES;
				ONLY_ACTIVE_ARCH = YES;
				SDKROOT = iphoneos;
				SWIFT_ACTIVE_COMPILATION_CONDITIONS = DEBUG;
				SWIFT_OPTIMIZATION_LEVEL = "-Onone";
			};
			name = Debug;
		};
		927BB63824AD590F002445B9 /* Release */ = {
			isa = XCBuildConfiguration;
			buildSettings = {
				ALWAYS_SEARCH_USER_PATHS = NO;
				CLANG_ANALYZER_NONNULL = YES;
				CLANG_ANALYZER_NUMBER_OBJECT_CONVERSION = YES_AGGRESSIVE;
				CLANG_CXX_LANGUAGE_STANDARD = "gnu++14";
				CLANG_CXX_LIBRARY = "libc++";
				CLANG_ENABLE_MODULES = YES;
				CLANG_ENABLE_OBJC_ARC = YES;
				CLANG_ENABLE_OBJC_WEAK = YES;
				CLANG_WARN_BLOCK_CAPTURE_AUTORELEASING = YES;
				CLANG_WARN_BOOL_CONVERSION = YES;
				CLANG_WARN_COMMA = YES;
				CLANG_WARN_CONSTANT_CONVERSION = YES;
				CLANG_WARN_DEPRECATED_OBJC_IMPLEMENTATIONS = YES;
				CLANG_WARN_DIRECT_OBJC_ISA_USAGE = YES_ERROR;
				CLANG_WARN_DOCUMENTATION_COMMENTS = YES;
				CLANG_WARN_EMPTY_BODY = YES;
				CLANG_WARN_ENUM_CONVERSION = YES;
				CLANG_WARN_INFINITE_RECURSION = YES;
				CLANG_WARN_INT_CONVERSION = YES;
				CLANG_WARN_NON_LITERAL_NULL_CONVERSION = YES;
				CLANG_WARN_OBJC_IMPLICIT_RETAIN_SELF = YES;
				CLANG_WARN_OBJC_LITERAL_CONVERSION = YES;
				CLANG_WARN_OBJC_ROOT_CLASS = YES_ERROR;
				CLANG_WARN_RANGE_LOOP_ANALYSIS = YES;
				CLANG_WARN_STRICT_PROTOTYPES = YES;
				CLANG_WARN_SUSPICIOUS_MOVE = YES;
				CLANG_WARN_UNGUARDED_AVAILABILITY = YES_AGGRESSIVE;
				CLANG_WARN_UNREACHABLE_CODE = YES;
				CLANG_WARN__DUPLICATE_METHOD_MATCH = YES;
				CODE_SIGN_IDENTITY = "iPhone Developer";
				COPY_PHASE_STRIP = NO;
				DEBUG_INFORMATION_FORMAT = "dwarf-with-dsym";
				ENABLE_NS_ASSERTIONS = NO;
				ENABLE_STRICT_OBJC_MSGSEND = YES;
				GCC_C_LANGUAGE_STANDARD = gnu11;
				GCC_NO_COMMON_BLOCKS = YES;
				GCC_WARN_64_TO_32_BIT_CONVERSION = YES;
				GCC_WARN_ABOUT_RETURN_TYPE = YES_ERROR;
				GCC_WARN_UNDECLARED_SELECTOR = YES;
				GCC_WARN_UNINITIALIZED_AUTOS = YES_AGGRESSIVE;
				GCC_WARN_UNUSED_FUNCTION = YES;
				GCC_WARN_UNUSED_VARIABLE = YES;
				IPHONEOS_DEPLOYMENT_TARGET = 12.4;
				MTL_ENABLE_DEBUG_INFO = NO;
				MTL_FAST_MATH = YES;
				SDKROOT = iphoneos;
				SWIFT_COMPILATION_MODE = wholemodule;
				SWIFT_OPTIMIZATION_LEVEL = "-O";
				VALIDATE_PRODUCT = YES;
			};
			name = Release;
		};
		927BB63A24AD590F002445B9 /* Debug */ = {
			isa = XCBuildConfiguration;
			buildSettings = {
				ASSETCATALOG_COMPILER_APPICON_NAME = AppIcon;
				CODE_SIGN_STYLE = Automatic;
				DEVELOPMENT_TEAM = 793632QJCB;
				INFOPLIST_FILE = Flyk/Info.plist;
				LD_RUNPATH_SEARCH_PATHS = (
					"$(inherited)",
					"@executable_path/Frameworks",
				);
				PRODUCT_BUNDLE_IDENTIFIER = com.EdwardJohnChapman.Flyk;
				PRODUCT_NAME = "$(TARGET_NAME)";
				SWIFT_VERSION = 5.0;
				TARGETED_DEVICE_FAMILY = "1,2";
			};
			name = Debug;
		};
		927BB63B24AD590F002445B9 /* Release */ = {
			isa = XCBuildConfiguration;
			buildSettings = {
				ASSETCATALOG_COMPILER_APPICON_NAME = AppIcon;
				CODE_SIGN_STYLE = Automatic;
				DEVELOPMENT_TEAM = 793632QJCB;
				INFOPLIST_FILE = Flyk/Info.plist;
				LD_RUNPATH_SEARCH_PATHS = (
					"$(inherited)",
					"@executable_path/Frameworks",
				);
				PRODUCT_BUNDLE_IDENTIFIER = com.EdwardJohnChapman.Flyk;
				PRODUCT_NAME = "$(TARGET_NAME)";
				SWIFT_VERSION = 5.0;
				TARGETED_DEVICE_FAMILY = "1,2";
			};
			name = Release;
		};
		927BB63D24AD590F002445B9 /* Debug */ = {
			isa = XCBuildConfiguration;
			buildSettings = {
				ALWAYS_EMBED_SWIFT_STANDARD_LIBRARIES = YES;
				BUNDLE_LOADER = "$(TEST_HOST)";
				CODE_SIGN_STYLE = Automatic;
				DEVELOPMENT_TEAM = 793632QJCB;
				INFOPLIST_FILE = DripDropTests/Info.plist;
				LD_RUNPATH_SEARCH_PATHS = (
					"$(inherited)",
					"@executable_path/Frameworks",
					"@loader_path/Frameworks",
				);
				PRODUCT_BUNDLE_IDENTIFIER = com.EdwardJohnChapman.DripDropTests;
				PRODUCT_NAME = "$(TARGET_NAME)";
				SWIFT_VERSION = 5.0;
				TARGETED_DEVICE_FAMILY = "1,2";
				TEST_HOST = "$(BUILT_PRODUCTS_DIR)/Flyk.app/Flyk";
			};
			name = Debug;
		};
		927BB63E24AD590F002445B9 /* Release */ = {
			isa = XCBuildConfiguration;
			buildSettings = {
				ALWAYS_EMBED_SWIFT_STANDARD_LIBRARIES = YES;
				BUNDLE_LOADER = "$(TEST_HOST)";
				CODE_SIGN_STYLE = Automatic;
				DEVELOPMENT_TEAM = 793632QJCB;
				INFOPLIST_FILE = DripDropTests/Info.plist;
				LD_RUNPATH_SEARCH_PATHS = (
					"$(inherited)",
					"@executable_path/Frameworks",
					"@loader_path/Frameworks",
				);
				PRODUCT_BUNDLE_IDENTIFIER = com.EdwardJohnChapman.DripDropTests;
				PRODUCT_NAME = "$(TARGET_NAME)";
				SWIFT_VERSION = 5.0;
				TARGETED_DEVICE_FAMILY = "1,2";
				TEST_HOST = "$(BUILT_PRODUCTS_DIR)/Flyk.app/Flyk";
			};
			name = Release;
		};
		927BB64024AD590F002445B9 /* Debug */ = {
			isa = XCBuildConfiguration;
			buildSettings = {
				ALWAYS_EMBED_SWIFT_STANDARD_LIBRARIES = YES;
				CODE_SIGN_STYLE = Automatic;
				DEVELOPMENT_TEAM = 793632QJCB;
				INFOPLIST_FILE = DripDropUITests/Info.plist;
				LD_RUNPATH_SEARCH_PATHS = (
					"$(inherited)",
					"@executable_path/Frameworks",
					"@loader_path/Frameworks",
				);
				PRODUCT_BUNDLE_IDENTIFIER = com.EdwardJohnChapman.DripDropUITests;
				PRODUCT_NAME = "$(TARGET_NAME)";
				SWIFT_VERSION = 5.0;
				TARGETED_DEVICE_FAMILY = "1,2";
				TEST_TARGET_NAME = DripDrop;
			};
			name = Debug;
		};
		927BB64124AD590F002445B9 /* Release */ = {
			isa = XCBuildConfiguration;
			buildSettings = {
				ALWAYS_EMBED_SWIFT_STANDARD_LIBRARIES = YES;
				CODE_SIGN_STYLE = Automatic;
				DEVELOPMENT_TEAM = 793632QJCB;
				INFOPLIST_FILE = DripDropUITests/Info.plist;
				LD_RUNPATH_SEARCH_PATHS = (
					"$(inherited)",
					"@executable_path/Frameworks",
					"@loader_path/Frameworks",
				);
				PRODUCT_BUNDLE_IDENTIFIER = com.EdwardJohnChapman.DripDropUITests;
				PRODUCT_NAME = "$(TARGET_NAME)";
				SWIFT_VERSION = 5.0;
				TARGETED_DEVICE_FAMILY = "1,2";
				TEST_TARGET_NAME = DripDrop;
			};
			name = Release;
		};
/* End XCBuildConfiguration section */

/* Begin XCConfigurationList section */
		927BB60A24AD590D002445B9 /* Build configuration list for PBXProject "Flyk" */ = {
			isa = XCConfigurationList;
			buildConfigurations = (
				927BB63724AD590F002445B9 /* Debug */,
				927BB63824AD590F002445B9 /* Release */,
			);
			defaultConfigurationIsVisible = 0;
			defaultConfigurationName = Release;
		};
		927BB63924AD590F002445B9 /* Build configuration list for PBXNativeTarget "Flyk" */ = {
			isa = XCConfigurationList;
			buildConfigurations = (
				927BB63A24AD590F002445B9 /* Debug */,
				927BB63B24AD590F002445B9 /* Release */,
			);
			defaultConfigurationIsVisible = 0;
			defaultConfigurationName = Release;
		};
		927BB63C24AD590F002445B9 /* Build configuration list for PBXNativeTarget "FlykTests" */ = {
			isa = XCConfigurationList;
			buildConfigurations = (
				927BB63D24AD590F002445B9 /* Debug */,
				927BB63E24AD590F002445B9 /* Release */,
			);
			defaultConfigurationIsVisible = 0;
			defaultConfigurationName = Release;
		};
		927BB63F24AD590F002445B9 /* Build configuration list for PBXNativeTarget "FlykUITests" */ = {
			isa = XCConfigurationList;
			buildConfigurations = (
				927BB64024AD590F002445B9 /* Debug */,
				927BB64124AD590F002445B9 /* Release */,
			);
			defaultConfigurationIsVisible = 0;
			defaultConfigurationName = Release;
		};
/* End XCConfigurationList section */

/* Begin XCVersionGroup section */
		9238E35A24DCA87E00B9C8D9 /* FlykContainer.xcdatamodeld */ = {
			isa = XCVersionGroup;
			children = (
				9238E35B24DCA87E00B9C8D9 /* Model.xcdatamodel */,
			);
			currentVersion = 9238E35B24DCA87E00B9C8D9 /* Model.xcdatamodel */;
			path = FlykContainer.xcdatamodeld;
			sourceTree = "<group>";
			versionGroupType = wrapper.xcdatamodel;
		};
/* End XCVersionGroup section */
	};
	rootObject = 927BB60724AD590D002445B9 /* Project object */;
}
